
Microsoft Visual Studio Solution File, Format Version 12.00
# Visual Studio 15
Project("{FAE04EC0-301F-11D3-BF4B-00C04F79EFBC}") = "Assembly-CSharp", "Assembly-CSharp.csproj", "{F611D589-3604-C9E2-23B4-54A1262307E8}"
EndProject
Global
	GlobalSection(SolutionConfigurationPlatforms) = preSolution
		Debug|Any CPU = Debug|Any CPU
		Release|Any CPU = Release|Any CPU
	EndGlobalSection
	GlobalSection(ProjectConfigurationPlatforms) = postSolution
		{F611D589-3604-C9E2-23B4-54A1262307E8}.Debug|Any CPU.ActiveCfg = Debug|Any CPU
		{F611D589-3604-C9E2-23B4-54A1262307E8}.Debug|Any CPU.Build.0 = Debug|Any CPU
		{F611D589-3604-C9E2-23B4-54A1262307E8}.Release|Any CPU.ActiveCfg = Release|Any CPU
		{F611D589-3604-C9E2-23B4-54A1262307E8}.Release|Any CPU.Build.0 = Release|Any CPU
	EndGlobalSection
	GlobalSection(SolutionProperties) = preSolution
		HideSolutionNode = FALSE
	EndGlobalSection
EndGlobal
